
Microsoft Visual Studio Solution File, Format Version 12.00
# Visual Studio 15
VisualStudioVersion = 15.0.28307.1525
MinimumVisualStudioVersion = 10.0.40219.1
Project("{FAE04EC0-301F-11D3-BF4B-00C04F79EFBC}") = "Algorithm_Solution", "Algorithm_Solution\Algorithm_Solution.csproj", "{D27CA1D4-5A28-4AB5-B5E5-A398FDF90F40}"
EndProject
Project("{FAE04EC0-301F-11D3-BF4B-00C04F79EFBC}") = "My_Project", "My_Project\My_Project.csproj", "{4AF3E4FE-88A5-4238-A2B5-DB66CE4BC09D}"
EndProject
Global
	GlobalSection(SolutionConfigurationPlatforms) = preSolution
		Debug|Any CPU = Debug|Any CPU
		Release|Any CPU = Release|Any CPU
	EndGlobalSection
	GlobalSection(ProjectConfigurationPlatforms) = postSolution
		{D27CA1D4-5A28-4AB5-B5E5-A398FDF90F40}.Debug|Any CPU.ActiveCfg = Debug|Any CPU
		{D27CA1D4-5A28-4AB5-B5E5-A398FDF90F40}.Debug|Any CPU.Build.0 = Debug|Any CPU
		{D27CA1D4-5A28-4AB5-B5E5-A398FDF90F40}.Release|Any CPU.ActiveCfg = Release|Any CPU
		{D27CA1D4-5A28-4AB5-B5E5-A398FDF90F40}.Release|Any CPU.Build.0 = Release|Any CPU
		{4AF3E4FE-88A5-4238-A2B5-DB66CE4BC09D}.Debug|Any CPU.ActiveCfg = Debug|Any CPU
		{4AF3E4FE-88A5-4238-A2B5-DB66CE4BC09D}.Debug|Any CPU.Build.0 = Debug|Any CPU
		{4AF3E4FE-88A5-4238-A2B5-DB66CE4BC09D}.Release|Any CPU.ActiveCfg = Release|Any CPU
		{4AF3E4FE-88A5-4238-A2B5-DB66CE4BC09D}.Release|Any CPU.Build.0 = Release|Any CPU
	EndGlobalSection
	GlobalSection(SolutionProperties) = preSolution
		HideSolutionNode = FALSE
	EndGlobalSection
	GlobalSection(ExtensibilityGlobals) = postSolution
		SolutionGuid = {077BFC3C-0238-4358-81FF-67F0E3741CF0}
	EndGlobalSection
EndGlobal
