
Microsoft Visual Studio Solution File, Format Version 12.00
# Visual Studio 15
VisualStudioVersion = 15.0.28307.1525
MinimumVisualStudioVersion = 10.0.40219.1
Project("{FAE04EC0-301F-11D3-BF4B-00C04F79EFBC}") = "Stack", "Stack\Stack.csproj", "{B2B35089-9F86-4DA3-B669-FB1A767F227C}"
EndProject
Project("{FAE04EC0-301F-11D3-BF4B-00C04F79EFBC}") = "Common", "Common\Common.csproj", "{F622CBE6-4059-48F0-9E2F-BA0F41FA021C}"
EndProject
Project("{FAE04EC0-301F-11D3-BF4B-00C04F79EFBC}") = "Tree", "Tree\Tree.csproj", "{5F4E6418-5A4F-48A4-9D86-05177926B3EF}"
EndProject
Project("{FAE04EC0-301F-11D3-BF4B-00C04F79EFBC}") = "Sort", "Sort\Sort.csproj", "{ADC8702E-6B06-4A43-AF24-2876D6170ABC}"
EndProject
Project("{FAE04EC0-301F-11D3-BF4B-00C04F79EFBC}") = "BitManipulation", "BitManipulation\BitManipulation.csproj", "{E7230239-133F-4262-BB42-544CAE99BB3D}"
EndProject
Global
	GlobalSection(SolutionConfigurationPlatforms) = preSolution
		Debug|Any CPU = Debug|Any CPU
		Release|Any CPU = Release|Any CPU
	EndGlobalSection
	GlobalSection(ProjectConfigurationPlatforms) = postSolution
		{B2B35089-9F86-4DA3-B669-FB1A767F227C}.Debug|Any CPU.ActiveCfg = Debug|Any CPU
		{B2B35089-9F86-4DA3-B669-FB1A767F227C}.Debug|Any CPU.Build.0 = Debug|Any CPU
		{B2B35089-9F86-4DA3-B669-FB1A767F227C}.Release|Any CPU.ActiveCfg = Release|Any CPU
		{B2B35089-9F86-4DA3-B669-FB1A767F227C}.Release|Any CPU.Build.0 = Release|Any CPU
		{F622CBE6-4059-48F0-9E2F-BA0F41FA021C}.Debug|Any CPU.ActiveCfg = Debug|Any CPU
		{F622CBE6-4059-48F0-9E2F-BA0F41FA021C}.Debug|Any CPU.Build.0 = Debug|Any CPU
		{F622CBE6-4059-48F0-9E2F-BA0F41FA021C}.Release|Any CPU.ActiveCfg = Release|Any CPU
		{F622CBE6-4059-48F0-9E2F-BA0F41FA021C}.Release|Any CPU.Build.0 = Release|Any CPU
		{5F4E6418-5A4F-48A4-9D86-05177926B3EF}.Debug|Any CPU.ActiveCfg = Debug|Any CPU
		{5F4E6418-5A4F-48A4-9D86-05177926B3EF}.Debug|Any CPU.Build.0 = Debug|Any CPU
		{5F4E6418-5A4F-48A4-9D86-05177926B3EF}.Release|Any CPU.ActiveCfg = Release|Any CPU
		{5F4E6418-5A4F-48A4-9D86-05177926B3EF}.Release|Any CPU.Build.0 = Release|Any CPU
		{ADC8702E-6B06-4A43-AF24-2876D6170ABC}.Debug|Any CPU.ActiveCfg = Debug|Any CPU
		{ADC8702E-6B06-4A43-AF24-2876D6170ABC}.Debug|Any CPU.Build.0 = Debug|Any CPU
		{ADC8702E-6B06-4A43-AF24-2876D6170ABC}.Release|Any CPU.ActiveCfg = Release|Any CPU
		{ADC8702E-6B06-4A43-AF24-2876D6170ABC}.Release|Any CPU.Build.0 = Release|Any CPU
		{E7230239-133F-4262-BB42-544CAE99BB3D}.Debug|Any CPU.ActiveCfg = Debug|Any CPU
		{E7230239-133F-4262-BB42-544CAE99BB3D}.Debug|Any CPU.Build.0 = Debug|Any CPU
		{E7230239-133F-4262-BB42-544CAE99BB3D}.Release|Any CPU.ActiveCfg = Release|Any CPU
		{E7230239-133F-4262-BB42-544CAE99BB3D}.Release|Any CPU.Build.0 = Release|Any CPU
	EndGlobalSection
	GlobalSection(SolutionProperties) = preSolution
		HideSolutionNode = FALSE
	EndGlobalSection
	GlobalSection(ExtensibilityGlobals) = postSolution
		SolutionGuid = {077BFC3C-0238-4358-81FF-67F0E3741CF0}
	EndGlobalSection
EndGlobal
