
Microsoft Visual Studio Solution File, Format Version 12.00
# Visual Studio 15
VisualStudioVersion = 15.0.28307.1525
MinimumVisualStudioVersion = 10.0.40219.1
Project("{FAE04EC0-301F-11D3-BF4B-00C04F79EFBC}") = "Test1", "Test1\Test1.csproj", "{6708B632-E397-4BFF-B30D-F9F9D3A460F9}"
EndProject
Global
	GlobalSection(SolutionConfigurationPlatforms) = preSolution
		Debug|Any CPU = Debug|Any CPU
		Release|Any CPU = Release|Any CPU
	EndGlobalSection
	GlobalSection(ProjectConfigurationPlatforms) = postSolution
		{6708B632-E397-4BFF-B30D-F9F9D3A460F9}.Debug|Any CPU.ActiveCfg = Debug|Any CPU
		{6708B632-E397-4BFF-B30D-F9F9D3A460F9}.Debug|Any CPU.Build.0 = Debug|Any CPU
		{6708B632-E397-4BFF-B30D-F9F9D3A460F9}.Release|Any CPU.ActiveCfg = Release|Any CPU
		{6708B632-E397-4BFF-B30D-F9F9D3A460F9}.Release|Any CPU.Build.0 = Release|Any CPU
	EndGlobalSection
	GlobalSection(SolutionProperties) = preSolution
		HideSolutionNode = FALSE
	EndGlobalSection
	GlobalSection(ExtensibilityGlobals) = postSolution
		SolutionGuid = {077BFC3C-0238-4358-81FF-67F0E3741CF0}
	EndGlobalSection
EndGlobal
